
Microsoft Visual Studio Solution File, Format Version 12.00
# Visual Studio Version 17
VisualStudioVersion = 17.10.35013.160
MinimumVisualStudioVersion = 10.0.40219.1
Project("{FAE04EC0-301F-11D3-BF4B-00C04F79EFBC}") = "Ejercicio_1", "Ejercicio_1\Ejercicio_1.csproj", "{7E4A48A5-1B19-4CFE-8A65-E211572CFC3C}"
EndProject
Project("{FAE04EC0-301F-11D3-BF4B-00C04F79EFBC}") = "Ejercicio_2", "Ejercicio_2\Ejercicio_2.csproj", "{541FAF30-8A63-46A3-9FC5-CCE39C06E2EE}"
EndProject
Global
	GlobalSection(SolutionConfigurationPlatforms) = preSolution
		Debug|Any CPU = Debug|Any CPU
		Release|Any CPU = Release|Any CPU
	EndGlobalSection
	GlobalSection(ProjectConfigurationPlatforms) = postSolution
		{7E4A48A5-1B19-4CFE-8A65-E211572CFC3C}.Debug|Any CPU.ActiveCfg = Debug|Any CPU
		{7E4A48A5-1B19-4CFE-8A65-E211572CFC3C}.Debug|Any CPU.Build.0 = Debug|Any CPU
		{7E4A48A5-1B19-4CFE-8A65-E211572CFC3C}.Release|Any CPU.ActiveCfg = Release|Any CPU
		{7E4A48A5-1B19-4CFE-8A65-E211572CFC3C}.Release|Any CPU.Build.0 = Release|Any CPU
		{541FAF30-8A63-46A3-9FC5-CCE39C06E2EE}.Debug|Any CPU.ActiveCfg = Debug|Any CPU
		{541FAF30-8A63-46A3-9FC5-CCE39C06E2EE}.Debug|Any CPU.Build.0 = Debug|Any CPU
		{541FAF30-8A63-46A3-9FC5-CCE39C06E2EE}.Release|Any CPU.ActiveCfg = Release|Any CPU
		{541FAF30-8A63-46A3-9FC5-CCE39C06E2EE}.Release|Any CPU.Build.0 = Release|Any CPU
	EndGlobalSection
	GlobalSection(SolutionProperties) = preSolution
		HideSolutionNode = FALSE
	EndGlobalSection
	GlobalSection(ExtensibilityGlobals) = postSolution
		SolutionGuid = {08FBD3E3-1AD5-4749-98CA-FA0A59CC995F}
	EndGlobalSection
EndGlobal
